
Microsoft Visual Studio Solution File, Format Version 12.00
# Visual Studio Version 16
VisualStudioVersion = 16.0.29409.12
MinimumVisualStudioVersion = 10.0.40219.1
Project("{9A19103F-16F7-4668-BE54-9A1E7A4F7556}") = "CQRSAndMediator", "CQRSAndMediator\CQRSAndMediator.csproj", "{0CC72AB3-164F-48F4-AB45-C1EB055DF477}"
EndProject
Project("{FAE04EC0-301F-11D3-BF4B-00C04F79EFBC}") = "CQRSAndMediator.Testing", "CQRSAndMediator.Testing\CQRSAndMediator.Testing.csproj", "{AE255953-38C1-4897-929C-487BAEC3C982}"
EndProject
Global
	GlobalSection(SolutionConfigurationPlatforms) = preSolution
		Debug|Any CPU = Debug|Any CPU
		Release|Any CPU = Release|Any CPU
	EndGlobalSection
	GlobalSection(ProjectConfigurationPlatforms) = postSolution
		{0CC72AB3-164F-48F4-AB45-C1EB055DF477}.Debug|Any CPU.ActiveCfg = Debug|Any CPU
		{0CC72AB3-164F-48F4-AB45-C1EB055DF477}.Debug|Any CPU.Build.0 = Debug|Any CPU
		{0CC72AB3-164F-48F4-AB45-C1EB055DF477}.Release|Any CPU.ActiveCfg = Release|Any CPU
		{0CC72AB3-164F-48F4-AB45-C1EB055DF477}.Release|Any CPU.Build.0 = Release|Any CPU
		{AE255953-38C1-4897-929C-487BAEC3C982}.Debug|Any CPU.ActiveCfg = Debug|Any CPU
		{AE255953-38C1-4897-929C-487BAEC3C982}.Debug|Any CPU.Build.0 = Debug|Any CPU
		{AE255953-38C1-4897-929C-487BAEC3C982}.Release|Any CPU.ActiveCfg = Release|Any CPU
		{AE255953-38C1-4897-929C-487BAEC3C982}.Release|Any CPU.Build.0 = Release|Any CPU
	EndGlobalSection
	GlobalSection(SolutionProperties) = preSolution
		HideSolutionNode = FALSE
	EndGlobalSection
	GlobalSection(ExtensibilityGlobals) = postSolution
		SolutionGuid = {6D91F90A-5ED2-4FC9-A78C-1289BB65B142}
	EndGlobalSection
EndGlobal
